
Microsoft Visual Studio Solution File, Format Version 12.00
# Visual Studio Version 16
VisualStudioVersion = 16.0.30804.86
MinimumVisualStudioVersion = 10.0.40219.1
Project("{FAE04EC0-301F-11D3-BF4B-00C04F79EFBC}") = "XHC.ALL", "XHC.ALL\XHC.ALL.csproj", "{D3A6D375-7B63-48F6-8013-C35B4E0BEEA9}"
EndProject
Project("{FAE04EC0-301F-11D3-BF4B-00C04F79EFBC}") = "XHC.COM", "XHC.COM\XHC.COM.csproj", "{A3E57101-8A4B-4E86-BB86-A4984ADD7500}"
EndProject
Global
	GlobalSection(SolutionConfigurationPlatforms) = preSolution
		Debug|Any CPU = Debug|Any CPU
		Release|Any CPU = Release|Any CPU
	EndGlobalSection
	GlobalSection(ProjectConfigurationPlatforms) = postSolution
		{D3A6D375-7B63-48F6-8013-C35B4E0BEEA9}.Debug|Any CPU.ActiveCfg = Debug|Any CPU
		{D3A6D375-7B63-48F6-8013-C35B4E0BEEA9}.Debug|Any CPU.Build.0 = Debug|Any CPU
		{D3A6D375-7B63-48F6-8013-C35B4E0BEEA9}.Release|Any CPU.ActiveCfg = Release|Any CPU
		{D3A6D375-7B63-48F6-8013-C35B4E0BEEA9}.Release|Any CPU.Build.0 = Release|Any CPU
		{A3E57101-8A4B-4E86-BB86-A4984ADD7500}.Debug|Any CPU.ActiveCfg = Debug|Any CPU
		{A3E57101-8A4B-4E86-BB86-A4984ADD7500}.Debug|Any CPU.Build.0 = Debug|Any CPU
		{A3E57101-8A4B-4E86-BB86-A4984ADD7500}.Release|Any CPU.ActiveCfg = Release|Any CPU
		{A3E57101-8A4B-4E86-BB86-A4984ADD7500}.Release|Any CPU.Build.0 = Release|Any CPU
	EndGlobalSection
	GlobalSection(SolutionProperties) = preSolution
		HideSolutionNode = FALSE
	EndGlobalSection
	GlobalSection(ExtensibilityGlobals) = postSolution
		SolutionGuid = {08D0F92B-77E8-4077-B179-FFFFEB2C6BF9}
	EndGlobalSection
EndGlobal
